
Microsoft Visual Studio Solution File, Format Version 12.00
# Visual Studio 2012
Project("{8BC9CEB8-8B4A-11D0-8D11-00A0C91BC942}") = "DefectDetect", "DefectDetect\DefectDetect.vcxproj", "{9FEA3FE7-BAEC-4695-B209-465B5B9A35DF}"
EndProject
Global
	GlobalSection(SolutionConfigurationPlatforms) = preSolution
		Debug|Win32 = Debug|Win32
		Release|Win32 = Release|Win32
	EndGlobalSection
	GlobalSection(ProjectConfigurationPlatforms) = postSolution
		{9FEA3FE7-BAEC-4695-B209-465B5B9A35DF}.Debug|Win32.ActiveCfg = Debug|Win32
		{9FEA3FE7-BAEC-4695-B209-465B5B9A35DF}.Debug|Win32.Build.0 = Debug|Win32
		{9FEA3FE7-BAEC-4695-B209-465B5B9A35DF}.Release|Win32.ActiveCfg = Release|Win32
		{9FEA3FE7-BAEC-4695-B209-465B5B9A35DF}.Release|Win32.Build.0 = Release|Win32
	EndGlobalSection
	GlobalSection(SolutionProperties) = preSolution
		HideSolutionNode = FALSE
	EndGlobalSection
EndGlobal
